
Microsoft Visual Studio Solution File, Format Version 12.00
# Visual Studio 14
VisualStudioVersion = 14.0.23107.0
MinimumVisualStudioVersion = 10.0.40219.1
Project("{FAE04EC0-301F-11D3-BF4B-00C04F79EFBC}") = "campaigns", "campaigns\campaigns.csproj", "{4B7E0027-FA2C-4E33-8D47-72DB6357AB44}"
EndProject
Project("{2150E333-8FDC-42A3-9474-1A3956D46DE8}") = "PublishScripts", "PublishScripts", "{9027F1BE-B012-4606-9394-D47D6AAB87FD}"
	ProjectSection(SolutionItems) = preProject
		PublishScripts\AzureVMPublishModule.psm1 = PublishScripts\AzureVMPublishModule.psm1
		PublishScripts\Publish-WebApplicationVM.ps1 = PublishScripts\Publish-WebApplicationVM.ps1
	EndProjectSection
EndProject
Project("{2150E333-8FDC-42A3-9474-1A3956D46DE8}") = "Configurations", "Configurations", "{D829F17D-D40E-4C69-8ED6-A4AECE7914D4}"
	ProjectSection(SolutionItems) = preProject
		PublishScripts\Configurations\campaigns-WAWS-dev.json = PublishScripts\Configurations\campaigns-WAWS-dev.json
	EndProjectSection
EndProject
Global
	GlobalSection(SolutionConfigurationPlatforms) = preSolution
		Debug|Any CPU = Debug|Any CPU
		Release|Any CPU = Release|Any CPU
	EndGlobalSection
	GlobalSection(ProjectConfigurationPlatforms) = postSolution
		{4B7E0027-FA2C-4E33-8D47-72DB6357AB44}.Debug|Any CPU.ActiveCfg = Debug|Any CPU
		{4B7E0027-FA2C-4E33-8D47-72DB6357AB44}.Debug|Any CPU.Build.0 = Debug|Any CPU
		{4B7E0027-FA2C-4E33-8D47-72DB6357AB44}.Release|Any CPU.ActiveCfg = Release|Any CPU
		{4B7E0027-FA2C-4E33-8D47-72DB6357AB44}.Release|Any CPU.Build.0 = Release|Any CPU
	EndGlobalSection
	GlobalSection(SolutionProperties) = preSolution
		HideSolutionNode = FALSE
	EndGlobalSection
	GlobalSection(NestedProjects) = preSolution
		{D829F17D-D40E-4C69-8ED6-A4AECE7914D4} = {9027F1BE-B012-4606-9394-D47D6AAB87FD}
	EndGlobalSection
EndGlobal
